
Microsoft Visual Studio Solution File, Format Version 12.00
# Visual Studio Version 17
VisualStudioVersion = 17.7.34024.191
MinimumVisualStudioVersion = 10.0.40219.1
Project("{9A19103F-16F7-4668-BE54-9A1E7A4F7556}") = "E2ETests", "E2ETests\E2ETests.csproj", "{3425FDA9-1063-4922-BC4F-114E0BF33045}"
EndProject
Project("{9A19103F-16F7-4668-BE54-9A1E7A4F7556}") = "Core", "Core\Core.csproj", "{858773B9-B12F-436B-ACBB-7C786026F4F2}"
EndProject
Global
	GlobalSection(SolutionConfigurationPlatforms) = preSolution
		Debug|Any CPU = Debug|Any CPU
		Release|Any CPU = Release|Any CPU
	EndGlobalSection
	GlobalSection(ProjectConfigurationPlatforms) = postSolution
		{3425FDA9-1063-4922-BC4F-114E0BF33045}.Debug|Any CPU.ActiveCfg = Debug|Any CPU
		{3425FDA9-1063-4922-BC4F-114E0BF33045}.Debug|Any CPU.Build.0 = Debug|Any CPU
		{3425FDA9-1063-4922-BC4F-114E0BF33045}.Release|Any CPU.ActiveCfg = Release|Any CPU
		{3425FDA9-1063-4922-BC4F-114E0BF33045}.Release|Any CPU.Build.0 = Release|Any CPU
		{858773B9-B12F-436B-ACBB-7C786026F4F2}.Debug|Any CPU.ActiveCfg = Debug|Any CPU
		{858773B9-B12F-436B-ACBB-7C786026F4F2}.Debug|Any CPU.Build.0 = Debug|Any CPU
		{858773B9-B12F-436B-ACBB-7C786026F4F2}.Release|Any CPU.ActiveCfg = Release|Any CPU
		{858773B9-B12F-436B-ACBB-7C786026F4F2}.Release|Any CPU.Build.0 = Release|Any CPU
	EndGlobalSection
	GlobalSection(SolutionProperties) = preSolution
		HideSolutionNode = FALSE
	EndGlobalSection
	GlobalSection(ExtensibilityGlobals) = postSolution
		SolutionGuid = {48DAEB4D-DAF3-4318-87BF-D5F41D2A0422}
	EndGlobalSection
EndGlobal
